
Microsoft Visual Studio Solution File, Format Version 12.00
# Visual Studio Version 16
VisualStudioVersion = 16.0.31402.337
MinimumVisualStudioVersion = 10.0.40219.1
Project("{FAE04EC0-301F-11D3-BF4B-00C04F79EFBC}") = "Employee_records", "Employee_records.csproj", "{A8432927-64FF-4B4D-A5E4-9A297859D668}"
EndProject
Global
	GlobalSection(SolutionConfigurationPlatforms) = preSolution
		Debug|Any CPU = Debug|Any CPU
		Release|Any CPU = Release|Any CPU
	EndGlobalSection
	GlobalSection(ProjectConfigurationPlatforms) = postSolution
		{A8432927-64FF-4B4D-A5E4-9A297859D668}.Debug|Any CPU.ActiveCfg = Debug|Any CPU
		{A8432927-64FF-4B4D-A5E4-9A297859D668}.Debug|Any CPU.Build.0 = Debug|Any CPU
		{A8432927-64FF-4B4D-A5E4-9A297859D668}.Release|Any CPU.ActiveCfg = Release|Any CPU
		{A8432927-64FF-4B4D-A5E4-9A297859D668}.Release|Any CPU.Build.0 = Release|Any CPU
	EndGlobalSection
	GlobalSection(SolutionProperties) = preSolution
		HideSolutionNode = FALSE
	EndGlobalSection
	GlobalSection(ExtensibilityGlobals) = postSolution
		SolutionGuid = {0E57F710-4651-41AE-85CA-331D85B3B9C3}
	EndGlobalSection
EndGlobal
